
Microsoft Visual Studio Solution File, Format Version 12.00
# Visual Studio 15
VisualStudioVersion = 15.0.26730.12
MinimumVisualStudioVersion = 10.0.40219.1
Project("{FAE04EC0-301F-11D3-BF4B-00C04F79EFBC}") = "HttpServer", "Server\HttpServer.csproj", "{FE79BF8E-9F65-44E6-A7DB-772DAB96FD04}"
EndProject
Project("{FAE04EC0-301F-11D3-BF4B-00C04F79EFBC}") = "ServerLib", "ServerLib\ServerLib.csproj", "{B3C7CE25-B399-4A9F-B755-4A103557E8C9}"
EndProject
Global
	GlobalSection(SolutionConfigurationPlatforms) = preSolution
		Debug|Any CPU = Debug|Any CPU
		Release|Any CPU = Release|Any CPU
	EndGlobalSection
	GlobalSection(ProjectConfigurationPlatforms) = postSolution
		{FE79BF8E-9F65-44E6-A7DB-772DAB96FD04}.Debug|Any CPU.ActiveCfg = Debug|Any CPU
		{FE79BF8E-9F65-44E6-A7DB-772DAB96FD04}.Debug|Any CPU.Build.0 = Debug|Any CPU
		{FE79BF8E-9F65-44E6-A7DB-772DAB96FD04}.Release|Any CPU.ActiveCfg = Release|Any CPU
		{FE79BF8E-9F65-44E6-A7DB-772DAB96FD04}.Release|Any CPU.Build.0 = Release|Any CPU
		{B3C7CE25-B399-4A9F-B755-4A103557E8C9}.Debug|Any CPU.ActiveCfg = Debug|Any CPU
		{B3C7CE25-B399-4A9F-B755-4A103557E8C9}.Debug|Any CPU.Build.0 = Debug|Any CPU
		{B3C7CE25-B399-4A9F-B755-4A103557E8C9}.Release|Any CPU.ActiveCfg = Release|Any CPU
		{B3C7CE25-B399-4A9F-B755-4A103557E8C9}.Release|Any CPU.Build.0 = Release|Any CPU
	EndGlobalSection
	GlobalSection(SolutionProperties) = preSolution
		HideSolutionNode = FALSE
	EndGlobalSection
	GlobalSection(ExtensibilityGlobals) = postSolution
		SolutionGuid = {594C34EB-BD7C-4824-BB56-7649AB86E9D0}
	EndGlobalSection
EndGlobal
